{
  "requires": true,
  "lockfileVersion": 1,
  "dependencies": {
    "bootstrap": {
      "version": "4.3.1",
      "resolved": "https://registry.npmjs.org/bootstrap/-/bootstrap-4.3.1.tgz",
      "integrity": "sha512-rXqOmH1VilAt2DyPzluTi2blhk17bO7ef+zLLPlWvG494pDxcM234pJ8wTc/6R40UWizAIIMgxjvxZg5kmsbag=="
    },
    "get-input-selection": {
      "version": "1.1.4",
      "resolved": "https://registry.npmjs.org/get-input-selection/-/get-input-selection-1.1.4.tgz",
      "integrity": "sha1-LGIrvZlPjX+Na/tg1jTMc+53WoE="
    },
    "js-tokens": {
      "version": "4.0.0",
      "resolved": "https://registry.npmjs.org/js-tokens/-/js-tokens-4.0.0.tgz",
      "integrity": "sha512-RdJUflcE3cUzKiMqQgsCu06FPu9UdIJO0beYbPhHN4k6apgJtifcoCtT9bcxOpYBtpD2kCM6Sbzg4CausW/PKQ=="
    },
    "loose-envify": {
      "version": "1.4.0",
      "resolved": "https://registry.npmjs.org/loose-envify/-/loose-envify-1.4.0.tgz",
      "integrity": "sha512-lyuxPGr/Wfhrlem2CL/UcnUc1zcqKAImBDzukY7Y5F/yQiNdko6+fRLevlw1HgMySw7f611UIY408EtxRSoK3Q==",
      "requires": {
        "js-tokens": "^3.0.0 || ^4.0.0"
      }
    },
    "object-assign": {
      "version": "4.1.1",
      "resolved": "https://registry.npmjs.org/object-assign/-/object-assign-4.1.1.tgz",
      "integrity": "sha1-IQmtx5ZYh8/AXLvUQsrIv7s2CGM="
    },
    "prop-types": {
      "version": "15.7.2",
      "resolved": "https://registry.npmjs.org/prop-types/-/prop-types-15.7.2.tgz",
      "integrity": "sha512-8QQikdH7//R2vurIJSutZ1smHYTcLpRWEOlHnzcWHmBYrOGUysKwSsrC89BCiFj3CbrfJ/nXFdJepOVrY1GCHQ==",
      "requires": {
        "loose-envify": "^1.4.0",
        "object-assign": "^4.1.1",
        "react-is": "^16.8.1"
      }
    },
    "react-autocomplete-input": {
      "version": "1.0.12",
      "resolved": "https://registry.npmjs.org/react-autocomplete-input/-/react-autocomplete-input-1.0.12.tgz",
      "integrity": "sha512-fF+3FTuDXWq7QJYsC/j+9F14hYIym/eQ8HnJBEa1fe+OUlD+8Ksx0doU4LzzLka2kuHN0JiosAtSrvs3MJ+FaQ==",
      "requires": {
        "get-input-selection": "^1.1.4",
        "prop-types": "^15.6.2",
        "textarea-caret": "^3.0.2"
      }
    },
    "react-autosuggest": {
      "version": "9.4.3",
      "resolved": "https://registry.npmjs.org/react-autosuggest/-/react-autosuggest-9.4.3.tgz",
      "integrity": "sha512-wFbp5QpgFQRfw9cwKvcgLR8theikOUkv8PFsuLYqI2PUgVlx186Cz8MYt5bLxculi+jxGGUUVt+h0esaBZZouw==",
      "requires": {
        "prop-types": "^15.5.10",
        "react-autowhatever": "^10.1.2",
        "shallow-equal": "^1.0.0"
      }
    },
    "react-autowhatever": {
      "version": "10.2.1",
      "resolved": "https://registry.npmjs.org/react-autowhatever/-/react-autowhatever-10.2.1.tgz",
      "integrity": "sha512-5gQyoETyBH6GmuW1N1J81CuoAV+Djeg66DEo03xiZOl3WOwJHBP5LisKUvCGOakjrXU4M3hcIvCIqMBYGUmqOA==",
      "requires": {
        "prop-types": "^15.5.8",
        "react-themeable": "^1.1.0",
        "section-iterator": "^2.0.0"
      }
    },
    "react-is": {
      "version": "16.12.0",
      "resolved": "https://registry.npmjs.org/react-is/-/react-is-16.12.0.tgz",
      "integrity": "sha512-rPCkf/mWBtKc97aLL9/txD8DZdemK0vkA3JMLShjlJB3Pj3s+lpf1KaBzMfQrAmhMQB0n1cU/SUGgKKBCe837Q=="
    },
    "react-themeable": {
      "version": "1.1.0",
      "resolved": "https://registry.npmjs.org/react-themeable/-/react-themeable-1.1.0.tgz",
      "integrity": "sha1-fURm3ZsrX6dQWHJ4JenxUro3mg4=",
      "requires": {
        "object-assign": "^3.0.0"
      },
      "dependencies": {
        "object-assign": {
          "version": "3.0.0",
          "resolved": "https://registry.npmjs.org/object-assign/-/object-assign-3.0.0.tgz",
          "integrity": "sha1-m+3VygiXlJvKR+f/QIBi1Un1h/I="
        }
      }
    },
    "section-iterator": {
      "version": "2.0.0",
      "resolved": "https://registry.npmjs.org/section-iterator/-/section-iterator-2.0.0.tgz",
      "integrity": "sha1-v0RNev7rlK1Dw5rS+yYVFifMuio="
    },
    "shallow-equal": {
      "version": "1.2.1",
      "resolved": "https://registry.npmjs.org/shallow-equal/-/shallow-equal-1.2.1.tgz",
      "integrity": "sha512-S4vJDjHHMBaiZuT9NPb616CSmLf618jawtv3sufLl6ivK8WocjAo58cXwbRV1cgqxH0Qbv+iUt6m05eqEa2IRA=="
    },
    "textarea-caret": {
      "version": "3.1.0",
      "resolved": "https://registry.npmjs.org/textarea-caret/-/textarea-caret-3.1.0.tgz",
      "integrity": "sha512-cXAvzO9pP5CGa6NKx0WYHl+8CHKZs8byMkt3PCJBCmq2a34YA9pO1NrQET5pzeqnBjBdToF5No4rrmkDUgQC2Q=="
    }
  }
}
